<?xml version="1.0" encoding="utf-8"?>
<Project ToolsVersion="4.0" xmlns="http://schemas.microsoft.com/developer/msbuild/2003">
  <ItemGroup>
    <Filter Include="Source Files">
      <UniqueIdentifier>{4FC737F1-C7A5-4376-A066-2A32D752A2FF}</UniqueIdentifier>
      <Extensions>cpp;c;cc;cxx;def;odl;idl;hpj;bat;asm;asmx</Extensions>
    </Filter>
    <Filter Include="Header Files">
      <UniqueIdentifier>{93995380-89BD-4b04-88EB-625FBE52EBFB}</UniqueIdentifier>
      <Extensions>h;hh;hpp;hxx;hm;inl;inc;xsd</Extensions>
    </Filter>
    <Filter Include="Resource Files">
      <UniqueIdentifier>{67DA6AB6-F800-4c08-8B7A-83BB121AAD01}</UniqueIdentifier>
      <Extensions>rc;ico;cur;bmp;dlg;rc2;rct;bin;rgs;gif;jpg;jpeg;jpe;resx;tiff;tif;png;wav;mfcribbon-ms</Extensions>
    </Filter>
    <Filter Include="Header Files\indicium-imgui">
      <UniqueIdentifier>{b755b070-66c8-423e-8e01-78749298786b}</UniqueIdentifier>
    </Filter>
    <Filter Include="Source Files\indicium-imgui">
      <UniqueIdentifier>{3da93c1b-73d3-4bdb-83dc-f1b620f7749b}</UniqueIdentifier>
    </Filter>
    <Filter Include="Source Files\inih">
      <UniqueIdentifier>{0738bc03-7b77-46a5-982d-a37e6ac2356e}</UniqueIdentifier>
    </Filter>
    <Filter Include="Header Files\inih">
      <UniqueIdentifier>{e28c9087-2309-4ada-a5ed-7cec19cc6390}</UniqueIdentifier>
    </Filter>
  </ItemGroup>
  <ItemGroup>
    <ClCompile Include="dllmain.cpp">
      <Filter>Source Files</Filter>
    </ClCompile>
    <ClCompile Include="imgui_impl_win32.cpp">
      <Filter>Source Files\indicium-imgui</Filter>
    </ClCompile>
    <ClCompile Include="imgui_impl_dx11.cpp">
      <Filter>Source Files\indicium-imgui</Filter>
    </ClCompile>
    <ClCompile Include="..\..\vendor\inih\INIReader.cpp">
      <Filter>Source Files\inih</Filter>
    </ClCompile>
    <ClCompile Include="..\..\vendor\inih\ini.c">
      <Filter>Source Files\inih</Filter>
    </ClCompile>
    <ClCompile Include="imgui_impl_dx9.cpp">
      <Filter>Source Files\indicium-imgui</Filter>
    </ClCompile>
    <ClCompile Include="imgui_impl_dx10.cpp">
      <Filter>Source Files\indicium-imgui</Filter>
    </ClCompile>
  </ItemGroup>
  <ItemGroup>
    <ClInclude Include="MiscMods.h">
      <Filter>Header Files</Filter>
    </ClInclude>
    <ClInclude Include="imgui_impl_dx11.h">
      <Filter>Header Files\indicium-imgui</Filter>
    </ClInclude>
    <ClInclude Include="imgui_impl_win32.h">
      <Filter>Header Files\indicium-imgui</Filter>
    </ClInclude>
    <ClInclude Include="..\..\vendor\inih\INIReader.h">
      <Filter>Header Files\inih</Filter>
    </ClInclude>
    <ClInclude Include="..\..\vendor\inih\ini.h">
      <Filter>Header Files\inih</Filter>
    </ClInclude>
    <ClInclude Include="resource.h">
      <Filter>Header Files\indicium-imgui</Filter>
    </ClInclude>
    <ClInclude Include="CharacterIDs.h">
      <Filter>Header Files</Filter>
    </ClInclude>
    <ClInclude Include="imgui_impl_dx10.h">
      <Filter>Header Files\indicium-imgui</Filter>
    </ClInclude>
    <ClInclude Include="imgui_impl_dx9.h">
      <Filter>Header Files\indicium-imgui</Filter>
    </ClInclude>
    <ClInclude Include="dllmain.h">
      <Filter>Header Files\indicium-imgui</Filter>
    </ClInclude>
    <ClInclude Include="imgui\imgui_impl_dx10.h">
      <Filter>Header Files</Filter>
    </ClInclude>
  </ItemGroup>
  <ItemGroup>
    <ResourceCompile Include="Indicium-ImGui.rc">
      <Filter>Resource Files</Filter>
    </ResourceCompile>
  </ItemGroup>
  <ItemGroup>
    <None Include="Indicium-ImGui.ini">
      <Filter>Header Files\indicium-imgui</Filter>
    </None>
  </ItemGroup>
</Project>